<?xml version="1.0" encoding="utf-8"?>
<Project ToolsVersion="4.0" xmlns="http://schemas.microsoft.com/developer/msbuild/2003">
  <ItemGroup>
    <Filter Include="Source Files">
      <UniqueIdentifier>{4FC737F1-C7A5-4376-A066-2A32D752A2FF}</UniqueIdentifier>
      <Extensions>cpp;c;cc;cxx;def;odl;idl;hpj;bat;asm;asmx</Extensions>
    </Filter>
    <Filter Include="Header Files">
      <UniqueIdentifier>{93995380-89BD-4b04-88EB-625FBE52EBFB}</UniqueIdentifier>
      <Extensions>h;hh;hpp;hxx;hm;inl;inc;xsd</Extensions>
    </Filter>
    <Filter Include="Resource Files">
      <UniqueIdentifier>{67DA6AB6-F800-4c08-8B7A-83BB121AAD01}</UniqueIdentifier>
      <Extensions>rc;ico;cur;bmp;dlg;rc2;rct;bin;rgs;gif;jpg;jpeg;jpe;resx;tiff;tif;png;wav;mfcribbon-ms</Extensions>
    </Filter>
    <Filter Include="Source Files\actions">
      <UniqueIdentifier>{fbcff078-148b-4949-8f4e-dab219f35fbd}</UniqueIdentifier>
    </Filter>
  </ItemGroup>
  <ItemGroup>
    <Text Include="ReadMe.txt" />
  </ItemGroup>
  <ItemGroup>
    <ClInclude Include="vsmoria.h">
      <Filter>Header Files</Filter>
    </ClInclude>
    <ClInclude Include="stdafx.h">
      <Filter>Header Files</Filter>
    </ClInclude>
    <ClInclude Include="targetver.h">
      <Filter>Header Files</Filter>
    </ClInclude>
    <ClInclude Include="MainFrm.h">
      <Filter>Header Files</Filter>
    </ClInclude>
    <ClInclude Include="ChildView.h">
      <Filter>Header Files</Filter>
    </ClInclude>
    <ClInclude Include="Resource.h">
      <Filter>Header Files</Filter>
    </ClInclude>
    <ClInclude Include="cursesJG.h">
      <Filter>Header Files</Filter>
    </ClInclude>
    <ClInclude Include="config.h">
      <Filter>Header Files</Filter>
    </ClInclude>
    <ClInclude Include="constant.h">
      <Filter>Header Files</Filter>
    </ClInclude>
    <ClInclude Include="externs.h">
      <Filter>Header Files</Filter>
    </ClInclude>
    <ClInclude Include="types.h">
      <Filter>Header Files</Filter>
    </ClInclude>
    <ClInclude Include="LocInf.h">
      <Filter>Header Files</Filter>
    </ClInclude>
    <ClInclude Include="Tilemap.h">
      <Filter>Header Files</Filter>
    </ClInclude>
  </ItemGroup>
  <ItemGroup>
    <ClCompile Include="vsmoria.cpp">
      <Filter>Source Files</Filter>
    </ClCompile>
    <ClCompile Include="stdafx.cpp">
      <Filter>Source Files</Filter>
    </ClCompile>
    <ClCompile Include="MainFrm.cpp">
      <Filter>Source Files</Filter>
    </ClCompile>
    <ClCompile Include="ChildView.cpp">
      <Filter>Source Files</Filter>
    </ClCompile>
    <ClCompile Include="rnd.cpp">
      <Filter>Source Files</Filter>
    </ClCompile>
    <ClCompile Include="variable.cpp">
      <Filter>Source Files</Filter>
    </ClCompile>
    <ClCompile Include="sets.cpp">
      <Filter>Source Files</Filter>
    </ClCompile>
    <ClCompile Include="help.cpp">
      <Filter>Source Files</Filter>
    </ClCompile>
    <ClCompile Include="wizard.cpp">
      <Filter>Source Files</Filter>
    </ClCompile>
    <ClCompile Include="tables.cpp">
      <Filter>Source Files</Filter>
    </ClCompile>
    <ClCompile Include="store1.cpp">
      <Filter>Source Files</Filter>
    </ClCompile>
    <ClCompile Include="main.cpp">
      <Filter>Source Files</Filter>
    </ClCompile>
    <ClCompile Include="create.cpp">
      <Filter>Source Files</Filter>
    </ClCompile>
    <ClCompile Include="files_FIXME.cpp">
      <Filter>Source Files</Filter>
    </ClCompile>
    <ClCompile Include="desc.cpp">
      <Filter>Source Files</Filter>
    </ClCompile>
    <ClCompile Include="recall.cpp">
      <Filter>Source Files</Filter>
    </ClCompile>
    <ClCompile Include="player.cpp">
      <Filter>Source Files</Filter>
    </ClCompile>
    <ClCompile Include="store2.cpp">
      <Filter>Source Files</Filter>
    </ClCompile>
    <ClCompile Include="moria4.cpp">
      <Filter>Source Files</Filter>
    </ClCompile>
    <ClCompile Include="moria3.cpp">
      <Filter>Source Files</Filter>
    </ClCompile>
    <ClCompile Include="generate.cpp">
      <Filter>Source Files</Filter>
    </ClCompile>
    <ClCompile Include="monsters.cpp">
      <Filter>Source Files</Filter>
    </ClCompile>
    <ClCompile Include="creature.cpp">
      <Filter>Source Files</Filter>
    </ClCompile>
    <ClCompile Include="dungeon.cpp">
      <Filter>Source Files</Filter>
    </ClCompile>
    <ClCompile Include="treasure.cpp">
      <Filter>Source Files</Filter>
    </ClCompile>
    <ClCompile Include="spells.cpp">
      <Filter>Source Files</Filter>
    </ClCompile>
    <ClCompile Include="moria1.cpp">
      <Filter>Source Files</Filter>
    </ClCompile>
    <ClCompile Include="save.cpp">
      <Filter>Source Files</Filter>
    </ClCompile>
    <ClCompile Include="io_FIXME_curses.cpp">
      <Filter>Source Files</Filter>
    </ClCompile>
    <ClCompile Include="death_FIXME_filelock.cpp">
      <Filter>Source Files</Filter>
    </ClCompile>
    <ClCompile Include="signals_FIXME.cpp">
      <Filter>Source Files</Filter>
    </ClCompile>
    <ClCompile Include="cursesJG.cpp">
      <Filter>Source Files</Filter>
    </ClCompile>
    <ClCompile Include="actions\eat.cpp">
      <Filter>Source Files\actions</Filter>
    </ClCompile>
    <ClCompile Include="actions\magic.cpp">
      <Filter>Source Files\actions</Filter>
    </ClCompile>
    <ClCompile Include="actions\potions.cpp">
      <Filter>Source Files\actions</Filter>
    </ClCompile>
    <ClCompile Include="actions\prayer.cpp">
      <Filter>Source Files\actions</Filter>
    </ClCompile>
    <ClCompile Include="actions\scrolls.cpp">
      <Filter>Source Files\actions</Filter>
    </ClCompile>
    <ClCompile Include="actions\staffs.cpp">
      <Filter>Source Files\actions</Filter>
    </ClCompile>
    <ClCompile Include="actions\wands.cpp">
      <Filter>Source Files\actions</Filter>
    </ClCompile>
    <ClCompile Include="moria2_running.cpp">
      <Filter>Source Files</Filter>
    </ClCompile>
    <ClCompile Include="misc2_magictreasure.cpp">
      <Filter>Source Files</Filter>
    </ClCompile>
    <ClCompile Include="misc1_map.cpp">
      <Filter>Source Files</Filter>
    </ClCompile>
    <ClCompile Include="misc3_stats.cpp">
      <Filter>Source Files</Filter>
    </ClCompile>
    <ClCompile Include="misc4_inscribe.cpp">
      <Filter>Source Files</Filter>
    </ClCompile>
    <ClCompile Include="Tilemap.cpp">
      <Filter>Source Files</Filter>
    </ClCompile>
  </ItemGroup>
  <ItemGroup>
    <ResourceCompile Include="vsmoria.rc">
      <Filter>Resource Files</Filter>
    </ResourceCompile>
  </ItemGroup>
  <ItemGroup>
    <None Include="res\vsmoria.rc2">
      <Filter>Resource Files</Filter>
    </None>
  </ItemGroup>
  <ItemGroup>
    <Image Include="res\vsmoria.ico">
      <Filter>Resource Files</Filter>
    </Image>
    <Image Include="res\Toolbar.bmp">
      <Filter>Resource Files</Filter>
    </Image>
  </ItemGroup>
</Project>